
Microsoft Visual Studio Solution File, Format Version 12.00
# Visual Studio Version 16
VisualStudioVersion = 16.0.31515.178
MinimumVisualStudioVersion = 10.0.40219.1
Project("{9A19103F-16F7-4668-BE54-9A1E7A4F7556}") = "WebAPIForCardsApplication", "WebAPIForCardsApplication\WebAPIForCardsApplication.csproj", "{2D15D2E9-D412-4AA1-9711-9636042AF155}"
EndProject
Project("{FAE04EC0-301F-11D3-BF4B-00C04F79EFBC}") = "ClientWPFForCardsApplication", "ClientWPFForCardsApplication\ClientWPFForCardsApplication.csproj", "{47430C3E-457A-4E66-96B9-D885219F141A}"
EndProject
Global
	GlobalSection(SolutionConfigurationPlatforms) = preSolution
		Debug|Any CPU = Debug|Any CPU
		Release|Any CPU = Release|Any CPU
	EndGlobalSection
	GlobalSection(ProjectConfigurationPlatforms) = postSolution
		{2D15D2E9-D412-4AA1-9711-9636042AF155}.Debug|Any CPU.ActiveCfg = Debug|Any CPU
		{2D15D2E9-D412-4AA1-9711-9636042AF155}.Debug|Any CPU.Build.0 = Debug|Any CPU
		{2D15D2E9-D412-4AA1-9711-9636042AF155}.Release|Any CPU.ActiveCfg = Release|Any CPU
		{2D15D2E9-D412-4AA1-9711-9636042AF155}.Release|Any CPU.Build.0 = Release|Any CPU
		{47430C3E-457A-4E66-96B9-D885219F141A}.Debug|Any CPU.ActiveCfg = Debug|Any CPU
		{47430C3E-457A-4E66-96B9-D885219F141A}.Debug|Any CPU.Build.0 = Debug|Any CPU
		{47430C3E-457A-4E66-96B9-D885219F141A}.Release|Any CPU.ActiveCfg = Release|Any CPU
		{47430C3E-457A-4E66-96B9-D885219F141A}.Release|Any CPU.Build.0 = Release|Any CPU
	EndGlobalSection
	GlobalSection(SolutionProperties) = preSolution
		HideSolutionNode = FALSE
	EndGlobalSection
	GlobalSection(ExtensibilityGlobals) = postSolution
		SolutionGuid = {B843C266-C0CE-4764-9275-597E277B6A7E}
	EndGlobalSection
EndGlobal
